
Microsoft Visual Studio Solution File, Format Version 12.00
# Visual Studio Version 17
VisualStudioVersion = 17.4.33213.308
MinimumVisualStudioVersion = 10.0.40219.1
Project("{FAE04EC0-301F-11D3-BF4B-00C04F79EFBC}") = "RabbitMQ_Publisher", "RabbitMQ_Publisher\RabbitMQ_Publisher.csproj", "{BC0091F8-BC05-44EF-B445-5E44C7B57A69}"
EndProject
Global
	GlobalSection(SolutionConfigurationPlatforms) = preSolution
		Debug|Any CPU = Debug|Any CPU
		Release|Any CPU = Release|Any CPU
	EndGlobalSection
	GlobalSection(ProjectConfigurationPlatforms) = postSolution
		{BC0091F8-BC05-44EF-B445-5E44C7B57A69}.Debug|Any CPU.ActiveCfg = Debug|Any CPU
		{BC0091F8-BC05-44EF-B445-5E44C7B57A69}.Debug|Any CPU.Build.0 = Debug|Any CPU
		{BC0091F8-BC05-44EF-B445-5E44C7B57A69}.Release|Any CPU.ActiveCfg = Release|Any CPU
		{BC0091F8-BC05-44EF-B445-5E44C7B57A69}.Release|Any CPU.Build.0 = Release|Any CPU
	EndGlobalSection
	GlobalSection(SolutionProperties) = preSolution
		HideSolutionNode = FALSE
	EndGlobalSection
	GlobalSection(ExtensibilityGlobals) = postSolution
		SolutionGuid = {4D74843F-1599-4526-B310-B680F2FC718E}
	EndGlobalSection
EndGlobal
